
Microsoft Visual Studio Solution File, Format Version 12.00
# Visual Studio Version 16
VisualStudioVersion = 16.0.31829.152
MinimumVisualStudioVersion = 10.0.40219.1
Project("{FAE04EC0-301F-11D3-BF4B-00C04F79EFBC}") = "3 Wpf TextEditor", "3 Wpf TextEditor\3 Wpf TextEditor.csproj", "{99AE4DA0-8E87-46F2-B901-587823FE5CE6}"
EndProject
Project("{FAE04EC0-301F-11D3-BF4B-00C04F79EFBC}") = "5 Wpf Draw", "5 Wpf Draw\5 Wpf Draw.csproj", "{0F22FD48-1617-4CD5-AA54-A0B1B0638680}"
EndProject
Global
	GlobalSection(SolutionConfigurationPlatforms) = preSolution
		Debug|Any CPU = Debug|Any CPU
		Release|Any CPU = Release|Any CPU
	EndGlobalSection
	GlobalSection(ProjectConfigurationPlatforms) = postSolution
		{99AE4DA0-8E87-46F2-B901-587823FE5CE6}.Debug|Any CPU.ActiveCfg = Debug|Any CPU
		{99AE4DA0-8E87-46F2-B901-587823FE5CE6}.Debug|Any CPU.Build.0 = Debug|Any CPU
		{99AE4DA0-8E87-46F2-B901-587823FE5CE6}.Release|Any CPU.ActiveCfg = Release|Any CPU
		{99AE4DA0-8E87-46F2-B901-587823FE5CE6}.Release|Any CPU.Build.0 = Release|Any CPU
		{0F22FD48-1617-4CD5-AA54-A0B1B0638680}.Debug|Any CPU.ActiveCfg = Debug|Any CPU
		{0F22FD48-1617-4CD5-AA54-A0B1B0638680}.Debug|Any CPU.Build.0 = Debug|Any CPU
		{0F22FD48-1617-4CD5-AA54-A0B1B0638680}.Release|Any CPU.ActiveCfg = Release|Any CPU
		{0F22FD48-1617-4CD5-AA54-A0B1B0638680}.Release|Any CPU.Build.0 = Release|Any CPU
	EndGlobalSection
	GlobalSection(SolutionProperties) = preSolution
		HideSolutionNode = FALSE
	EndGlobalSection
	GlobalSection(ExtensibilityGlobals) = postSolution
		SolutionGuid = {D7F4F768-F485-4B74-9579-5C5B6B472A6F}
	EndGlobalSection
EndGlobal
